
Microsoft Visual Studio Solution File, Format Version 12.00
# Visual Studio 15
VisualStudioVersion = 15.0.27130.2024
MinimumVisualStudioVersion = 10.0.40219.1
Project("{FAE04EC0-301F-11D3-BF4B-00C04F79EFBC}") = "PMRDHome", "PMRDHome\PMRDHome.csproj", "{9B4D7AF2-EC72-4C60-B512-7551F61FF703}"
EndProject
Global
	GlobalSection(SolutionConfigurationPlatforms) = preSolution
		Debug|Any CPU = Debug|Any CPU
		Release|Any CPU = Release|Any CPU
	EndGlobalSection
	GlobalSection(ProjectConfigurationPlatforms) = postSolution
		{9B4D7AF2-EC72-4C60-B512-7551F61FF703}.Debug|Any CPU.ActiveCfg = Debug|Any CPU
		{9B4D7AF2-EC72-4C60-B512-7551F61FF703}.Debug|Any CPU.Build.0 = Debug|Any CPU
		{9B4D7AF2-EC72-4C60-B512-7551F61FF703}.Release|Any CPU.ActiveCfg = Release|Any CPU
		{9B4D7AF2-EC72-4C60-B512-7551F61FF703}.Release|Any CPU.Build.0 = Release|Any CPU
	EndGlobalSection
	GlobalSection(SolutionProperties) = preSolution
		HideSolutionNode = FALSE
	EndGlobalSection
	GlobalSection(ExtensibilityGlobals) = postSolution
		SolutionGuid = {9637E68E-A3E3-4370-A5DE-F4B7CDD8D111}
	EndGlobalSection
EndGlobal
